
Microsoft Visual Studio Solution File, Format Version 12.00
# Visual Studio Version 17
VisualStudioVersion = 17.11.35303.130
MinimumVisualStudioVersion = 10.0.40219.1
Project("{FAE04EC0-301F-11D3-BF4B-00C04F79EFBC}") = "frontend", "frontend\frontend.csproj", "{C80919CA-4EE1-4B62-8729-E2D219467859}"
EndProject
Global
	GlobalSection(SolutionConfigurationPlatforms) = preSolution
		Debug|Any CPU = Debug|Any CPU
		Release|Any CPU = Release|Any CPU
	EndGlobalSection
	GlobalSection(ProjectConfigurationPlatforms) = postSolution
		{C80919CA-4EE1-4B62-8729-E2D219467859}.Debug|Any CPU.ActiveCfg = Debug|Any CPU
		{C80919CA-4EE1-4B62-8729-E2D219467859}.Debug|Any CPU.Build.0 = Debug|Any CPU
		{C80919CA-4EE1-4B62-8729-E2D219467859}.Release|Any CPU.ActiveCfg = Release|Any CPU
		{C80919CA-4EE1-4B62-8729-E2D219467859}.Release|Any CPU.Build.0 = Release|Any CPU
	EndGlobalSection
	GlobalSection(SolutionProperties) = preSolution
		HideSolutionNode = FALSE
	EndGlobalSection
	GlobalSection(ExtensibilityGlobals) = postSolution
		SolutionGuid = {5813FB94-09AD-4CCD-B2B6-FB25CAA01954}
	EndGlobalSection
EndGlobal
